
Microsoft Visual Studio Solution File, Format Version 12.00
# Visual Studio Version 16
VisualStudioVersion = 16.0.34301.259
MinimumVisualStudioVersion = 10.0.40219.1
Project("{8BC9CEB8-8B4A-11D0-8D11-00A0C91BC942}") = "Controller_SDK", "Controller_SDK\Controller_SDK.vcxproj", "{AA23E48A-AAA2-4668-BF40-09CC971965E2}"
EndProject
Global
	GlobalSection(SolutionConfigurationPlatforms) = preSolution
		Debug|x64 = Debug|x64
		Debug|x86 = Debug|x86
		Release|x64 = Release|x64
		Release|x86 = Release|x86
	EndGlobalSection
	GlobalSection(ProjectConfigurationPlatforms) = postSolution
		{AA23E48A-AAA2-4668-BF40-09CC971965E2}.Debug|x64.ActiveCfg = Debug|x64
		{AA23E48A-AAA2-4668-BF40-09CC971965E2}.Debug|x64.Build.0 = Debug|x64
		{AA23E48A-AAA2-4668-BF40-09CC971965E2}.Debug|x86.ActiveCfg = Debug|Win32
		{AA23E48A-AAA2-4668-BF40-09CC971965E2}.Debug|x86.Build.0 = Debug|Win32
		{AA23E48A-AAA2-4668-BF40-09CC971965E2}.Release|x64.ActiveCfg = Release|x64
		{AA23E48A-AAA2-4668-BF40-09CC971965E2}.Release|x64.Build.0 = Release|x64
		{AA23E48A-AAA2-4668-BF40-09CC971965E2}.Release|x86.ActiveCfg = Release|Win32
		{AA23E48A-AAA2-4668-BF40-09CC971965E2}.Release|x86.Build.0 = Release|Win32
	EndGlobalSection
	GlobalSection(SolutionProperties) = preSolution
		HideSolutionNode = FALSE
	EndGlobalSection
	GlobalSection(ExtensibilityGlobals) = postSolution
		SolutionGuid = {D05A3372-2B4D-4688-BBC8-1C795C3A90A5}
	EndGlobalSection
EndGlobal
